
Microsoft Visual Studio Solution File, Format Version 12.00
# Visual Studio Version 16
VisualStudioVersion = 16.0.29009.5
MinimumVisualStudioVersion = 10.0.40219.1
Project("{FAE04EC0-301F-11D3-BF4B-00C04F79EFBC}") = "DentistaApp", "DentistaApp\DentistaApp.csproj", "{DD659BB3-6695-46EA-BF42-F56274D95365}"
EndProject
Global
	GlobalSection(SolutionConfigurationPlatforms) = preSolution
		Debug|Any CPU = Debug|Any CPU
		Release|Any CPU = Release|Any CPU
	EndGlobalSection
	GlobalSection(ProjectConfigurationPlatforms) = postSolution
		{DD659BB3-6695-46EA-BF42-F56274D95365}.Debug|Any CPU.ActiveCfg = Debug|Any CPU
		{DD659BB3-6695-46EA-BF42-F56274D95365}.Debug|Any CPU.Build.0 = Debug|Any CPU
		{DD659BB3-6695-46EA-BF42-F56274D95365}.Release|Any CPU.ActiveCfg = Release|Any CPU
		{DD659BB3-6695-46EA-BF42-F56274D95365}.Release|Any CPU.Build.0 = Release|Any CPU
	EndGlobalSection
	GlobalSection(SolutionProperties) = preSolution
		HideSolutionNode = FALSE
	EndGlobalSection
	GlobalSection(ExtensibilityGlobals) = postSolution
		SolutionGuid = {9D7DD3C6-5630-424C-8451-131F5D131E56}
	EndGlobalSection
EndGlobal
